// !$*UTF8*$!
{
	archiveVersion = 1;
	classes = {
	};
	objectVersion = 56;
	objects = {

/* Begin PBXBuildFile section */
		B7972344295A12E000006EA6 /* AppDelegate.swift in Sources */ = {isa = PBXBuildFile; fileRef = B7972343295A12E000006EA6 /* AppDelegate.swift */; };
		B7972346295A12E000006EA6 /* SceneDelegate.swift in Sources */ = {isa = PBXBuildFile; fileRef = B7972345295A12E000006EA6 /* SceneDelegate.swift */; };
		B797234D295A12E100006EA6 /* Assets.xcassets in Resources */ = {isa = PBXBuildFile; fileRef = B797234C295A12E100006EA6 /* Assets.xcassets */; };
		B7972350295A12E100006EA6 /* LaunchScreen.storyboard in Resources */ = {isa = PBXBuildFile; fileRef = B797234E295A12E100006EA6 /* LaunchScreen.storyboard */; };
		B79DEA1A295B2FAA0044F15C /* Webservice.swift in Sources */ = {isa = PBXBuildFile; fileRef = B79DEA19295B2FAA0044F15C /* Webservice.swift */; };
		B79DEA1D295B30160044F15C /* Character.swift in Sources */ = {isa = PBXBuildFile; fileRef = B79DEA1C295B30160044F15C /* Character.swift */; };
		B79DEA1F295B30200044F15C /* Locations.swift in Sources */ = {isa = PBXBuildFile; fileRef = B79DEA1E295B30200044F15C /* Locations.swift */; };
		B79DEA21295B32360044F15C /* MainVM.swift in Sources */ = {isa = PBXBuildFile; fileRef = B79DEA20295B32360044F15C /* MainVM.swift */; };
		B79DEA27295B366D0044F15C /* UIViewController + Extensions.swift in Sources */ = {isa = PBXBuildFile; fileRef = B79DEA26295B366D0044F15C /* UIViewController + Extensions.swift */; };
		B79DEA2F295B6A160044F15C /* DetailsVC.swift in Sources */ = {isa = PBXBuildFile; fileRef = B79DEA2D295B6A160044F15C /* DetailsVC.swift */; };
		B79DEA30295B6A160044F15C /* DetailsVC.xib in Resources */ = {isa = PBXBuildFile; fileRef = B79DEA2E295B6A160044F15C /* DetailsVC.xib */; };
		B7EC1E75295A14A5005A66F9 /* MainVC.xib in Resources */ = {isa = PBXBuildFile; fileRef = B7EC1E74295A14A5005A66F9 /* MainVC.xib */; };
		B7EC1E84295A159F005A66F9 /* Inter-VariableFont_slnt,wght.ttf in Resources */ = {isa = PBXBuildFile; fileRef = B7EC1E77295A159F005A66F9 /* Inter-VariableFont_slnt,wght.ttf */; };
		B7EC1E85295A159F005A66F9 /* Inter-Medium.ttf in Resources */ = {isa = PBXBuildFile; fileRef = B7EC1E79295A159F005A66F9 /* Inter-Medium.ttf */; };
		B7EC1E86295A159F005A66F9 /* Inter-Light.ttf in Resources */ = {isa = PBXBuildFile; fileRef = B7EC1E7A295A159F005A66F9 /* Inter-Light.ttf */; };
		B7EC1E87295A159F005A66F9 /* Inter-Thin.ttf in Resources */ = {isa = PBXBuildFile; fileRef = B7EC1E7B295A159F005A66F9 /* Inter-Thin.ttf */; };
		B7EC1E88295A159F005A66F9 /* Inter-Bold.ttf in Resources */ = {isa = PBXBuildFile; fileRef = B7EC1E7C295A159F005A66F9 /* Inter-Bold.ttf */; };
		B7EC1E89295A159F005A66F9 /* Inter-Regular.ttf in Resources */ = {isa = PBXBuildFile; fileRef = B7EC1E7D295A159F005A66F9 /* Inter-Regular.ttf */; };
		B7EC1E8A295A159F005A66F9 /* Inter-ExtraBold.ttf in Resources */ = {isa = PBXBuildFile; fileRef = B7EC1E7E295A159F005A66F9 /* Inter-ExtraBold.ttf */; };
		B7EC1E8B295A159F005A66F9 /* Inter-ExtraLight.ttf in Resources */ = {isa = PBXBuildFile; fileRef = B7EC1E7F295A159F005A66F9 /* Inter-ExtraLight.ttf */; };
		B7EC1E8C295A159F005A66F9 /* Inter-Black.ttf in Resources */ = {isa = PBXBuildFile; fileRef = B7EC1E80295A159F005A66F9 /* Inter-Black.ttf */; };
		B7EC1E8D295A159F005A66F9 /* Inter-SemiBold.ttf in Resources */ = {isa = PBXBuildFile; fileRef = B7EC1E81295A159F005A66F9 /* Inter-SemiBold.ttf */; };
		B7EC1E8E295A159F005A66F9 /* OFL.txt in Resources */ = {isa = PBXBuildFile; fileRef = B7EC1E82295A159F005A66F9 /* OFL.txt */; };
		B7EC1E8F295A159F005A66F9 /* README.txt in Resources */ = {isa = PBXBuildFile; fileRef = B7EC1E83295A159F005A66F9 /* README.txt */; };
		B7EC1E92295A1724005A66F9 /* MainCell.swift in Sources */ = {isa = PBXBuildFile; fileRef = B7EC1E91295A1724005A66F9 /* MainCell.swift */; };
		B7EC1E94295A172B005A66F9 /* MainCell.xib in Resources */ = {isa = PBXBuildFile; fileRef = B7EC1E93295A172B005A66F9 /* MainCell.xib */; };
		B7EC1E96295A1BE1005A66F9 /* MainVC.swift in Sources */ = {isa = PBXBuildFile; fileRef = B7EC1E95295A1BE1005A66F9 /* MainVC.swift */; };
/* End PBXBuildFile section */

/* Begin PBXFileReference section */
		B7972340295A12E000006EA6 /* RaM.app */ = {isa = PBXFileReference; explicitFileType = wrapper.application; includeInIndex = 0; path = RaM.app; sourceTree = BUILT_PRODUCTS_DIR; };
		B7972343295A12E000006EA6 /* AppDelegate.swift */ = {isa = PBXFileReference; lastKnownFileType = sourcecode.swift; path = AppDelegate.swift; sourceTree = "<group>"; };
		B7972345295A12E000006EA6 /* SceneDelegate.swift */ = {isa = PBXFileReference; lastKnownFileType = sourcecode.swift; path = SceneDelegate.swift; sourceTree = "<group>"; };
		B797234C295A12E100006EA6 /* Assets.xcassets */ = {isa = PBXFileReference; lastKnownFileType = folder.assetcatalog; path = Assets.xcassets; sourceTree = "<group>"; };
		B797234F295A12E100006EA6 /* Base */ = {isa = PBXFileReference; lastKnownFileType = file.storyboard; name = Base; path = Base.lproj/LaunchScreen.storyboard; sourceTree = "<group>"; };
		B7972351295A12E100006EA6 /* Info.plist */ = {isa = PBXFileReference; lastKnownFileType = text.plist.xml; path = Info.plist; sourceTree = "<group>"; };
		B79DEA19295B2FAA0044F15C /* Webservice.swift */ = {isa = PBXFileReference; lastKnownFileType = sourcecode.swift; path = Webservice.swift; sourceTree = "<group>"; };
		B79DEA1C295B30160044F15C /* Character.swift */ = {isa = PBXFileReference; lastKnownFileType = sourcecode.swift; path = Character.swift; sourceTree = "<group>"; };
		B79DEA1E295B30200044F15C /* Locations.swift */ = {isa = PBXFileReference; lastKnownFileType = sourcecode.swift; path = Locations.swift; sourceTree = "<group>"; };
		B79DEA20295B32360044F15C /* MainVM.swift */ = {isa = PBXFileReference; lastKnownFileType = sourcecode.swift; path = MainVM.swift; sourceTree = "<group>"; };
		B79DEA26295B366D0044F15C /* UIViewController + Extensions.swift */ = {isa = PBXFileReference; lastKnownFileType = sourcecode.swift; path = "UIViewController + Extensions.swift"; sourceTree = "<group>"; };
		B79DEA2D295B6A160044F15C /* DetailsVC.swift */ = {isa = PBXFileReference; lastKnownFileType = sourcecode.swift; path = DetailsVC.swift; sourceTree = "<group>"; };
		B79DEA2E295B6A160044F15C /* DetailsVC.xib */ = {isa = PBXFileReference; lastKnownFileType = file.xib; path = DetailsVC.xib; sourceTree = "<group>"; };
		B7EC1E74295A14A5005A66F9 /* MainVC.xib */ = {isa = PBXFileReference; lastKnownFileType = file.xib; path = MainVC.xib; sourceTree = "<group>"; };
		B7EC1E77295A159F005A66F9 /* Inter-VariableFont_slnt,wght.ttf */ = {isa = PBXFileReference; lastKnownFileType = file; path = "Inter-VariableFont_slnt,wght.ttf"; sourceTree = "<group>"; };
		B7EC1E79295A159F005A66F9 /* Inter-Medium.ttf */ = {isa = PBXFileReference; lastKnownFileType = file; path = "Inter-Medium.ttf"; sourceTree = "<group>"; };
		B7EC1E7A295A159F005A66F9 /* Inter-Light.ttf */ = {isa = PBXFileReference; lastKnownFileType = file; path = "Inter-Light.ttf"; sourceTree = "<group>"; };
		B7EC1E7B295A159F005A66F9 /* Inter-Thin.ttf */ = {isa = PBXFileReference; lastKnownFileType = file; path = "Inter-Thin.ttf"; sourceTree = "<group>"; };
		B7EC1E7C295A159F005A66F9 /* Inter-Bold.ttf */ = {isa = PBXFileReference; lastKnownFileType = file; path = "Inter-Bold.ttf"; sourceTree = "<group>"; };
		B7EC1E7D295A159F005A66F9 /* Inter-Regular.ttf */ = {isa = PBXFileReference; lastKnownFileType = file; path = "Inter-Regular.ttf"; sourceTree = "<group>"; };
		B7EC1E7E295A159F005A66F9 /* Inter-ExtraBold.ttf */ = {isa = PBXFileReference; lastKnownFileType = file; path = "Inter-ExtraBold.ttf"; sourceTree = "<group>"; };
		B7EC1E7F295A159F005A66F9 /* Inter-ExtraLight.ttf */ = {isa = PBXFileReference; lastKnownFileType = file; path = "Inter-ExtraLight.ttf"; sourceTree = "<group>"; };
		B7EC1E80295A159F005A66F9 /* Inter-Black.ttf */ = {isa = PBXFileReference; lastKnownFileType = file; path = "Inter-Black.ttf"; sourceTree = "<group>"; };
		B7EC1E81295A159F005A66F9 /* Inter-SemiBold.ttf */ = {isa = PBXFileReference; lastKnownFileType = file; path = "Inter-SemiBold.ttf"; sourceTree = "<group>"; };
		B7EC1E82295A159F005A66F9 /* OFL.txt */ = {isa = PBXFileReference; fileEncoding = 4; lastKnownFileType = text; path = OFL.txt; sourceTree = "<group>"; };
		B7EC1E83295A159F005A66F9 /* README.txt */ = {isa = PBXFileReference; fileEncoding = 4; lastKnownFileType = text; path = README.txt; sourceTree = "<group>"; };
		B7EC1E91295A1724005A66F9 /* MainCell.swift */ = {isa = PBXFileReference; lastKnownFileType = sourcecode.swift; path = MainCell.swift; sourceTree = "<group>"; };
		B7EC1E93295A172B005A66F9 /* MainCell.xib */ = {isa = PBXFileReference; lastKnownFileType = file.xib; path = MainCell.xib; sourceTree = "<group>"; };
		B7EC1E95295A1BE1005A66F9 /* MainVC.swift */ = {isa = PBXFileReference; lastKnownFileType = sourcecode.swift; path = MainVC.swift; sourceTree = "<group>"; };
/* End PBXFileReference section */

/* Begin PBXFrameworksBuildPhase section */
		B797233D295A12E000006EA6 /* Frameworks */ = {
			isa = PBXFrameworksBuildPhase;
			buildActionMask = 2147483647;
			files = (
			);
			runOnlyForDeploymentPostprocessing = 0;
		};
/* End PBXFrameworksBuildPhase section */

/* Begin PBXGroup section */
		B7972337295A12E000006EA6 = {
			isa = PBXGroup;
			children = (
				B7972342295A12E000006EA6 /* RaM */,
				B797234E295A12E100006EA6 /* LaunchScreen.storyboard */,
				B7972341295A12E000006EA6 /* Products */,
			);
			sourceTree = "<group>";
		};
		B7972341295A12E000006EA6 /* Products */ = {
			isa = PBXGroup;
			children = (
				B7972340295A12E000006EA6 /* RaM.app */,
			);
			name = Products;
			sourceTree = "<group>";
		};
		B7972342295A12E000006EA6 /* RaM */ = {
			isa = PBXGroup;
			children = (
				B79DEA25295B36600044F15C /* Extensions */,
				B79DEA1B295B30010044F15C /* Models */,
				B79DEA18295B2F9E0044F15C /* Network */,
				B7EC1E72295A144A005A66F9 /* Assets */,
				B7EC1E70295A13BA005A66F9 /* App */,
				B7EC1E73295A1452005A66F9 /* UI */,
			);
			path = RaM;
			sourceTree = "<group>";
		};
		B79DEA18295B2F9E0044F15C /* Network */ = {
			isa = PBXGroup;
			children = (
				B79DEA19295B2FAA0044F15C /* Webservice.swift */,
			);
			path = Network;
			sourceTree = "<group>";
		};
		B79DEA1B295B30010044F15C /* Models */ = {
			isa = PBXGroup;
			children = (
				B79DEA1C295B30160044F15C /* Character.swift */,
				B79DEA1E295B30200044F15C /* Locations.swift */,
			);
			path = Models;
			sourceTree = "<group>";
		};
		B79DEA25295B36600044F15C /* Extensions */ = {
			isa = PBXGroup;
			children = (
				B79DEA26295B366D0044F15C /* UIViewController + Extensions.swift */,
			);
			path = Extensions;
			sourceTree = "<group>";
		};
		B79DEA28295B69880044F15C /* Details */ = {
			isa = PBXGroup;
			children = (
				B79DEA2D295B6A160044F15C /* DetailsVC.swift */,
				B79DEA2E295B6A160044F15C /* DetailsVC.xib */,
			);
			path = Details;
			sourceTree = "<group>";
		};
		B7EC1E70295A13BA005A66F9 /* App */ = {
			isa = PBXGroup;
			children = (
				B7972345295A12E000006EA6 /* SceneDelegate.swift */,
				B7972343295A12E000006EA6 /* AppDelegate.swift */,
				B7972351295A12E100006EA6 /* Info.plist */,
			);
			path = App;
			sourceTree = "<group>";
		};
		B7EC1E71295A1440005A66F9 /* Main */ = {
			isa = PBXGroup;
			children = (
				B7EC1E90295A170B005A66F9 /* Cell */,
				B7EC1E74295A14A5005A66F9 /* MainVC.xib */,
				B7EC1E95295A1BE1005A66F9 /* MainVC.swift */,
				B79DEA20295B32360044F15C /* MainVM.swift */,
			);
			path = Main;
			sourceTree = "<group>";
		};
		B7EC1E72295A144A005A66F9 /* Assets */ = {
			isa = PBXGroup;
			children = (
				B7EC1E76295A159F005A66F9 /* Inter */,
				B797234C295A12E100006EA6 /* Assets.xcassets */,
			);
			path = Assets;
			sourceTree = "<group>";
		};
		B7EC1E73295A1452005A66F9 /* UI */ = {
			isa = PBXGroup;
			children = (
				B79DEA28295B69880044F15C /* Details */,
				B7EC1E71295A1440005A66F9 /* Main */,
			);
			path = UI;
			sourceTree = "<group>";
		};
		B7EC1E76295A159F005A66F9 /* Inter */ = {
			isa = PBXGroup;
			children = (
				B7EC1E77295A159F005A66F9 /* Inter-VariableFont_slnt,wght.ttf */,
				B7EC1E78295A159F005A66F9 /* static */,
				B7EC1E82295A159F005A66F9 /* OFL.txt */,
				B7EC1E83295A159F005A66F9 /* README.txt */,
			);
			path = Inter;
			sourceTree = "<group>";
		};
		B7EC1E78295A159F005A66F9 /* static */ = {
			isa = PBXGroup;
			children = (
				B7EC1E79295A159F005A66F9 /* Inter-Medium.ttf */,
				B7EC1E7A295A159F005A66F9 /* Inter-Light.ttf */,
				B7EC1E7B295A159F005A66F9 /* Inter-Thin.ttf */,
				B7EC1E7C295A159F005A66F9 /* Inter-Bold.ttf */,
				B7EC1E7D295A159F005A66F9 /* Inter-Regular.ttf */,
				B7EC1E7E295A159F005A66F9 /* Inter-ExtraBold.ttf */,
				B7EC1E7F295A159F005A66F9 /* Inter-ExtraLight.ttf */,
				B7EC1E80295A159F005A66F9 /* Inter-Black.ttf */,
				B7EC1E81295A159F005A66F9 /* Inter-SemiBold.ttf */,
			);
			path = static;
			sourceTree = "<group>";
		};
		B7EC1E90295A170B005A66F9 /* Cell */ = {
			isa = PBXGroup;
			children = (
				B7EC1E91295A1724005A66F9 /* MainCell.swift */,
				B7EC1E93295A172B005A66F9 /* MainCell.xib */,
			);
			path = Cell;
			sourceTree = "<group>";
		};
/* End PBXGroup section */

/* Begin PBXNativeTarget section */
		B797233F295A12E000006EA6 /* RaM */ = {
			isa = PBXNativeTarget;
			buildConfigurationList = B7972354295A12E100006EA6 /* Build configuration list for PBXNativeTarget "RaM" */;
			buildPhases = (
				B797233C295A12E000006EA6 /* Sources */,
				B797233D295A12E000006EA6 /* Frameworks */,
				B797233E295A12E000006EA6 /* Resources */,
			);
			buildRules = (
			);
			dependencies = (
			);
			name = RaM;
			productName = RaM;
			productReference = B7972340295A12E000006EA6 /* RaM.app */;
			productType = "com.apple.product-type.application";
		};
/* End PBXNativeTarget section */

/* Begin PBXProject section */
		B7972338295A12E000006EA6 /* Project object */ = {
			isa = PBXProject;
			attributes = {
				BuildIndependentTargetsInParallel = 1;
				LastSwiftUpdateCheck = 1410;
				LastUpgradeCheck = 1410;
				TargetAttributes = {
					B797233F295A12E000006EA6 = {
						CreatedOnToolsVersion = 14.1;
					};
				};
			};
			buildConfigurationList = B797233B295A12E000006EA6 /* Build configuration list for PBXProject "RaM" */;
			compatibilityVersion = "Xcode 14.0";
			developmentRegion = en;
			hasScannedForEncodings = 0;
			knownRegions = (
				en,
				Base,
			);
			mainGroup = B7972337295A12E000006EA6;
			productRefGroup = B7972341295A12E000006EA6 /* Products */;
			projectDirPath = "";
			projectRoot = "";
			targets = (
				B797233F295A12E000006EA6 /* RaM */,
			);
		};
/* End PBXProject section */

/* Begin PBXResourcesBuildPhase section */
		B797233E295A12E000006EA6 /* Resources */ = {
			isa = PBXResourcesBuildPhase;
			buildActionMask = 2147483647;
			files = (
				B7EC1E8E295A159F005A66F9 /* OFL.txt in Resources */,
				B7EC1E84295A159F005A66F9 /* Inter-VariableFont_slnt,wght.ttf in Resources */,
				B7EC1E94295A172B005A66F9 /* MainCell.xib in Resources */,
				B7EC1E89295A159F005A66F9 /* Inter-Regular.ttf in Resources */,
				B7EC1E75295A14A5005A66F9 /* MainVC.xib in Resources */,
				B7EC1E8F295A159F005A66F9 /* README.txt in Resources */,
				B7EC1E88295A159F005A66F9 /* Inter-Bold.ttf in Resources */,
				B7EC1E8D295A159F005A66F9 /* Inter-SemiBold.ttf in Resources */,
				B7972350295A12E100006EA6 /* LaunchScreen.storyboard in Resources */,
				B7EC1E8A295A159F005A66F9 /* Inter-ExtraBold.ttf in Resources */,
				B7EC1E85295A159F005A66F9 /* Inter-Medium.ttf in Resources */,
				B7EC1E8C295A159F005A66F9 /* Inter-Black.ttf in Resources */,
				B7EC1E86295A159F005A66F9 /* Inter-Light.ttf in Resources */,
				B7EC1E8B295A159F005A66F9 /* Inter-ExtraLight.ttf in Resources */,
				B797234D295A12E100006EA6 /* Assets.xcassets in Resources */,
				B79DEA30295B6A160044F15C /* DetailsVC.xib in Resources */,
				B7EC1E87295A159F005A66F9 /* Inter-Thin.ttf in Resources */,
			);
			runOnlyForDeploymentPostprocessing = 0;
		};
/* End PBXResourcesBuildPhase section */

/* Begin PBXSourcesBuildPhase section */
		B797233C295A12E000006EA6 /* Sources */ = {
			isa = PBXSourcesBuildPhase;
			buildActionMask = 2147483647;
			files = (
				B7972344295A12E000006EA6 /* AppDelegate.swift in Sources */,
				B79DEA27295B366D0044F15C /* UIViewController + Extensions.swift in Sources */,
				B7EC1E96295A1BE1005A66F9 /* MainVC.swift in Sources */,
				B7EC1E92295A1724005A66F9 /* MainCell.swift in Sources */,
				B79DEA1F295B30200044F15C /* Locations.swift in Sources */,
				B79DEA1D295B30160044F15C /* Character.swift in Sources */,
				B79DEA1A295B2FAA0044F15C /* Webservice.swift in Sources */,
				B7972346295A12E000006EA6 /* SceneDelegate.swift in Sources */,
				B79DEA21295B32360044F15C /* MainVM.swift in Sources */,
				B79DEA2F295B6A160044F15C /* DetailsVC.swift in Sources */,
			);
			runOnlyForDeploymentPostprocessing = 0;
		};
/* End PBXSourcesBuildPhase section */

/* Begin PBXVariantGroup section */
		B797234E295A12E100006EA6 /* LaunchScreen.storyboard */ = {
			isa = PBXVariantGroup;
			children = (
				B797234F295A12E100006EA6 /* Base */,
			);
			name = LaunchScreen.storyboard;
			sourceTree = "<group>";
		};
/* End PBXVariantGroup section */

/* Begin XCBuildConfiguration section */
		B7972352295A12E100006EA6 /* Debug */ = {
			isa = XCBuildConfiguration;
			buildSettings = {
				ALWAYS_SEARCH_USER_PATHS = NO;
				CLANG_ANALYZER_NONNULL = YES;
				CLANG_ANALYZER_NUMBER_OBJECT_CONVERSION = YES_AGGRESSIVE;
				CLANG_CXX_LANGUAGE_STANDARD = "gnu++20";
				CLANG_ENABLE_MODULES = YES;
				CLANG_ENABLE_OBJC_ARC = YES;
				CLANG_ENABLE_OBJC_WEAK = YES;
				CLANG_WARN_BLOCK_CAPTURE_AUTORELEASING = YES;
				CLANG_WARN_BOOL_CONVERSION = YES;
				CLANG_WARN_COMMA = YES;
				CLANG_WARN_CONSTANT_CONVERSION = YES;
				CLANG_WARN_DEPRECATED_OBJC_IMPLEMENTATIONS = YES;
				CLANG_WARN_DIRECT_OBJC_ISA_USAGE = YES_ERROR;
				CLANG_WARN_DOCUMENTATION_COMMENTS = YES;
				CLANG_WARN_EMPTY_BODY = YES;
				CLANG_WARN_ENUM_CONVERSION = YES;
				CLANG_WARN_INFINITE_RECURSION = YES;
				CLANG_WARN_INT_CONVERSION = YES;
				CLANG_WARN_NON_LITERAL_NULL_CONVERSION = YES;
				CLANG_WARN_OBJC_IMPLICIT_RETAIN_SELF = YES;
				CLANG_WARN_OBJC_LITERAL_CONVERSION = YES;
				CLANG_WARN_OBJC_ROOT_CLASS = YES_ERROR;
				CLANG_WARN_QUOTED_INCLUDE_IN_FRAMEWORK_HEADER = YES;
				CLANG_WARN_RANGE_LOOP_ANALYSIS = YES;
				CLANG_WARN_STRICT_PROTOTYPES = YES;
				CLANG_WARN_SUSPICIOUS_MOVE = YES;
				CLANG_WARN_UNGUARDED_AVAILABILITY = YES_AGGRESSIVE;
				CLANG_WARN_UNREACHABLE_CODE = YES;
				CLANG_WARN__DUPLICATE_METHOD_MATCH = YES;
				COPY_PHASE_STRIP = NO;
				DEBUG_INFORMATION_FORMAT = dwarf;
				ENABLE_STRICT_OBJC_MSGSEND = YES;
				ENABLE_TESTABILITY = YES;
				GCC_C_LANGUAGE_STANDARD = gnu11;
				GCC_DYNAMIC_NO_PIC = NO;
				GCC_NO_COMMON_BLOCKS = YES;
				GCC_OPTIMIZATION_LEVEL = 0;
				GCC_PREPROCESSOR_DEFINITIONS = (
					"DEBUG=1",
					"$(inherited)",
				);
				GCC_WARN_64_TO_32_BIT_CONVERSION = YES;
				GCC_WARN_ABOUT_RETURN_TYPE = YES_ERROR;
				GCC_WARN_UNDECLARED_SELECTOR = YES;
				GCC_WARN_UNINITIALIZED_AUTOS = YES_AGGRESSIVE;
				GCC_WARN_UNUSED_FUNCTION = YES;
				GCC_WARN_UNUSED_VARIABLE = YES;
				IPHONEOS_DEPLOYMENT_TARGET = 16.1;
				MTL_ENABLE_DEBUG_INFO = INCLUDE_SOURCE;
				MTL_FAST_MATH = YES;
				ONLY_ACTIVE_ARCH = YES;
				SDKROOT = iphoneos;
				SWIFT_ACTIVE_COMPILATION_CONDITIONS = DEBUG;
				SWIFT_OPTIMIZATION_LEVEL = "-Onone";
			};
			name = Debug;
		};
		B7972353295A12E100006EA6 /* Release */ = {
			isa = XCBuildConfiguration;
			buildSettings = {
				ALWAYS_SEARCH_USER_PATHS = NO;
				CLANG_ANALYZER_NONNULL = YES;
				CLANG_ANALYZER_NUMBER_OBJECT_CONVERSION = YES_AGGRESSIVE;
				CLANG_CXX_LANGUAGE_STANDARD = "gnu++20";
				CLANG_ENABLE_MODULES = YES;
				CLANG_ENABLE_OBJC_ARC = YES;
				CLANG_ENABLE_OBJC_WEAK = YES;
				CLANG_WARN_BLOCK_CAPTURE_AUTORELEASING = YES;
				CLANG_WARN_BOOL_CONVERSION = YES;
				CLANG_WARN_COMMA = YES;
				CLANG_WARN_CONSTANT_CONVERSION = YES;
				CLANG_WARN_DEPRECATED_OBJC_IMPLEMENTATIONS = YES;
				CLANG_WARN_DIRECT_OBJC_ISA_USAGE = YES_ERROR;
				CLANG_WARN_DOCUMENTATION_COMMENTS = YES;
				CLANG_WARN_EMPTY_BODY = YES;
				CLANG_WARN_ENUM_CONVERSION = YES;
				CLANG_WARN_INFINITE_RECURSION = YES;
				CLANG_WARN_INT_CONVERSION = YES;
				CLANG_WARN_NON_LITERAL_NULL_CONVERSION = YES;
				CLANG_WARN_OBJC_IMPLICIT_RETAIN_SELF = YES;
				CLANG_WARN_OBJC_LITERAL_CONVERSION = YES;
				CLANG_WARN_OBJC_ROOT_CLASS = YES_ERROR;
				CLANG_WARN_QUOTED_INCLUDE_IN_FRAMEWORK_HEADER = YES;
				CLANG_WARN_RANGE_LOOP_ANALYSIS = YES;
				CLANG_WARN_STRICT_PROTOTYPES = YES;
				CLANG_WARN_SUSPICIOUS_MOVE = YES;
				CLANG_WARN_UNGUARDED_AVAILABILITY = YES_AGGRESSIVE;
				CLANG_WARN_UNREACHABLE_CODE = YES;
				CLANG_WARN__DUPLICATE_METHOD_MATCH = YES;
				COPY_PHASE_STRIP = NO;
				DEBUG_INFORMATION_FORMAT = "dwarf-with-dsym";
				ENABLE_NS_ASSERTIONS = NO;
				ENABLE_STRICT_OBJC_MSGSEND = YES;
				GCC_C_LANGUAGE_STANDARD = gnu11;
				GCC_NO_COMMON_BLOCKS = YES;
				GCC_WARN_64_TO_32_BIT_CONVERSION = YES;
				GCC_WARN_ABOUT_RETURN_TYPE = YES_ERROR;
				GCC_WARN_UNDECLARED_SELECTOR = YES;
				GCC_WARN_UNINITIALIZED_AUTOS = YES_AGGRESSIVE;
				GCC_WARN_UNUSED_FUNCTION = YES;
				GCC_WARN_UNUSED_VARIABLE = YES;
				IPHONEOS_DEPLOYMENT_TARGET = 16.1;
				MTL_ENABLE_DEBUG_INFO = NO;
				MTL_FAST_MATH = YES;
				SDKROOT = iphoneos;
				SWIFT_COMPILATION_MODE = wholemodule;
				SWIFT_OPTIMIZATION_LEVEL = "-O";
				VALIDATE_PRODUCT = YES;
			};
			name = Release;
		};
		B7972355295A12E100006EA6 /* Debug */ = {
			isa = XCBuildConfiguration;
			buildSettings = {
				ASSETCATALOG_COMPILER_APPICON_NAME = AppIcon;
				ASSETCATALOG_COMPILER_GLOBAL_ACCENT_COLOR_NAME = AccentColor;
				CODE_SIGN_STYLE = Automatic;
				CURRENT_PROJECT_VERSION = 1;
				DEVELOPMENT_TEAM = LU8UCW6QPA;
				GENERATE_INFOPLIST_FILE = YES;
				INFOPLIST_FILE = RaM/App/Info.plist;
				INFOPLIST_KEY_UIApplicationSupportsIndirectInputEvents = YES;
				INFOPLIST_KEY_UILaunchStoryboardName = LaunchScreen;
				INFOPLIST_KEY_UIMainStoryboardFile = "";
				INFOPLIST_KEY_UISupportedInterfaceOrientations_iPad = "UIInterfaceOrientationPortrait UIInterfaceOrientationPortraitUpsideDown UIInterfaceOrientationLandscapeLeft UIInterfaceOrientationLandscapeRight";
				INFOPLIST_KEY_UISupportedInterfaceOrientations_iPhone = "UIInterfaceOrientationPortrait UIInterfaceOrientationLandscapeLeft UIInterfaceOrientationLandscapeRight";
				LD_RUNPATH_SEARCH_PATHS = (
					"$(inherited)",
					"@executable_path/Frameworks",
				);
				MARKETING_VERSION = 1.0;
				PRODUCT_BUNDLE_IDENTIFIER = com.hakanadanur.RaM;
				PRODUCT_NAME = "$(TARGET_NAME)";
				SWIFT_EMIT_LOC_STRINGS = YES;
				SWIFT_VERSION = 5.0;
				TARGETED_DEVICE_FAMILY = "1,2";
			};
			name = Debug;
		};
		B7972356295A12E100006EA6 /* Release */ = {
			isa = XCBuildConfiguration;
			buildSettings = {
				ASSETCATALOG_COMPILER_APPICON_NAME = AppIcon;
				ASSETCATALOG_COMPILER_GLOBAL_ACCENT_COLOR_NAME = AccentColor;
				CODE_SIGN_STYLE = Automatic;
				CURRENT_PROJECT_VERSION = 1;
				DEVELOPMENT_TEAM = LU8UCW6QPA;
				GENERATE_INFOPLIST_FILE = YES;
				INFOPLIST_FILE = RaM/App/Info.plist;
				INFOPLIST_KEY_UIApplicationSupportsIndirectInputEvents = YES;
				INFOPLIST_KEY_UILaunchStoryboardName = LaunchScreen;
				INFOPLIST_KEY_UIMainStoryboardFile = "";
				INFOPLIST_KEY_UISupportedInterfaceOrientations_iPad = "UIInterfaceOrientationPortrait UIInterfaceOrientationPortraitUpsideDown UIInterfaceOrientationLandscapeLeft UIInterfaceOrientationLandscapeRight";
				INFOPLIST_KEY_UISupportedInterfaceOrientations_iPhone = "UIInterfaceOrientationPortrait UIInterfaceOrientationLandscapeLeft UIInterfaceOrientationLandscapeRight";
				LD_RUNPATH_SEARCH_PATHS = (
					"$(inherited)",
					"@executable_path/Frameworks",
				);
				MARKETING_VERSION = 1.0;
				PRODUCT_BUNDLE_IDENTIFIER = com.hakanadanur.RaM;
				PRODUCT_NAME = "$(TARGET_NAME)";
				SWIFT_EMIT_LOC_STRINGS = YES;
				SWIFT_VERSION = 5.0;
				TARGETED_DEVICE_FAMILY = "1,2";
			};
			name = Release;
		};
/* End XCBuildConfiguration section */

/* Begin XCConfigurationList section */
		B797233B295A12E000006EA6 /* Build configuration list for PBXProject "RaM" */ = {
			isa = XCConfigurationList;
			buildConfigurations = (
				B7972352295A12E100006EA6 /* Debug */,
				B7972353295A12E100006EA6 /* Release */,
			);
			defaultConfigurationIsVisible = 0;
			defaultConfigurationName = Release;
		};
		B7972354295A12E100006EA6 /* Build configuration list for PBXNativeTarget "RaM" */ = {
			isa = XCConfigurationList;
			buildConfigurations = (
				B7972355295A12E100006EA6 /* Debug */,
				B7972356295A12E100006EA6 /* Release */,
			);
			defaultConfigurationIsVisible = 0;
			defaultConfigurationName = Release;
		};
/* End XCConfigurationList section */
	};
	rootObject = B7972338295A12E000006EA6 /* Project object */;
}
